
Microsoft Visual Studio Solution File, Format Version 12.00
# Visual Studio Version 17
VisualStudioVersion = 17.5.33424.131
MinimumVisualStudioVersion = 10.0.40219.1
Project("{FAE04EC0-301F-11D3-BF4B-00C04F79EFBC}") = "Logging", "Logging.csproj", "{9D62D136-72C2-49D0-916F-DEFA247E283A}"
EndProject
Global
	GlobalSection(SolutionConfigurationPlatforms) = preSolution
		Debug|Any CPU = Debug|Any CPU
		Release|Any CPU = Release|Any CPU
	EndGlobalSection
	GlobalSection(ProjectConfigurationPlatforms) = postSolution
		{9D62D136-72C2-49D0-916F-DEFA247E283A}.Debug|Any CPU.ActiveCfg = Debug|Any CPU
		{9D62D136-72C2-49D0-916F-DEFA247E283A}.Debug|Any CPU.Build.0 = Debug|Any CPU
		{9D62D136-72C2-49D0-916F-DEFA247E283A}.Release|Any CPU.ActiveCfg = Release|Any CPU
		{9D62D136-72C2-49D0-916F-DEFA247E283A}.Release|Any CPU.Build.0 = Release|Any CPU
	EndGlobalSection
	GlobalSection(SolutionProperties) = preSolution
		HideSolutionNode = FALSE
	EndGlobalSection
	GlobalSection(ExtensibilityGlobals) = postSolution
		SolutionGuid = {B5A385EE-C648-423B-91B1-74B48EA70577}
	EndGlobalSection
EndGlobal
